
Microsoft Visual Studio Solution File, Format Version 12.00
# Visual Studio Version 16
VisualStudioVersion = 16.0.31702.278
MinimumVisualStudioVersion = 10.0.40219.1
Project("{FAE04EC0-301F-11D3-BF4B-00C04F79EFBC}") = "SemenRadProject", "SemenRadProject\SemenRadProject.csproj", "{00CAA326-A5C1-418A-B34E-0E41F9A66D60}"
EndProject
Global
	GlobalSection(SolutionConfigurationPlatforms) = preSolution
		Debug|Any CPU = Debug|Any CPU
		Release|Any CPU = Release|Any CPU
	EndGlobalSection
	GlobalSection(ProjectConfigurationPlatforms) = postSolution
		{00CAA326-A5C1-418A-B34E-0E41F9A66D60}.Debug|Any CPU.ActiveCfg = Debug|Any CPU
		{00CAA326-A5C1-418A-B34E-0E41F9A66D60}.Debug|Any CPU.Build.0 = Debug|Any CPU
		{00CAA326-A5C1-418A-B34E-0E41F9A66D60}.Release|Any CPU.ActiveCfg = Release|Any CPU
		{00CAA326-A5C1-418A-B34E-0E41F9A66D60}.Release|Any CPU.Build.0 = Release|Any CPU
	EndGlobalSection
	GlobalSection(SolutionProperties) = preSolution
		HideSolutionNode = FALSE
	EndGlobalSection
	GlobalSection(ExtensibilityGlobals) = postSolution
		SolutionGuid = {34FC482A-7488-4735-88A5-E51CD7546B5B}
	EndGlobalSection
EndGlobal
